{
  "name": "NodeExample2",
  "version": "0.0.1",
  "lockfileVersion": 1,
  "requires": true,
  "dependencies": {
    "accepts": {
      "version": "1.3.7",
      "resolved": "https://registry.npmjs.org/accepts/-/accepts-1.3.7.tgz",
      "integrity": "sha512-Il80Qs2WjYlJIBNzNkK6KYqlVMTbZLXgHx2oT0pU/fjRHyEp+PEfEPY0R3WCwAGVOtauxh1hOxNgIf5bv7dQpA==",
      "requires": {
        "mime-types": "~2.1.24",
        "negotiator": "0.6.2"
      }
    },
    "errorhandler": {
      "version": "1.5.1",
      "resolved": "https://registry.npmjs.org/errorhandler/-/errorhandler-1.5.1.tgz",
      "integrity": "sha512-rcOwbfvP1WTViVoUjcfZicVzjhjTuhSMntHh6mW3IrEiyE6mJyXvsToJUJGlGlw/2xU9P5whlWNGlIDVeCiT4A==",
      "requires": {
        "accepts": "~1.3.7",
        "escape-html": "~1.0.3"
      }
    },
    "escape-html": {
      "version": "1.0.3",
      "resolved": "https://registry.npmjs.org/escape-html/-/escape-html-1.0.3.tgz",
      "integrity": "sha1-Aljq5NPQwJdN4cFpGI7wBR0dGYg="
    },
    "express-error-handler": {
      "version": "1.1.0",
      "resolved": "https://registry.npmjs.org/express-error-handler/-/express-error-handler-1.1.0.tgz",
      "integrity": "sha1-/y7bH+3PyrHmAcYKqzVUmC8fZJc=",
      "requires": {
        "mout": "0.12.0"
      }
    },
    "mime-db": {
      "version": "1.51.0",
      "resolved": "https://registry.npmjs.org/mime-db/-/mime-db-1.51.0.tgz",
      "integrity": "sha512-5y8A56jg7XVQx2mbv1lu49NR4dokRnhZYTtL+KGfaa27uq4pSTXkwQkFJl4pkRMyNFz/EtYDSkiiEHx3F7UN6g=="
    },
    "mime-types": {
      "version": "2.1.34",
      "resolved": "https://registry.npmjs.org/mime-types/-/mime-types-2.1.34.tgz",
      "integrity": "sha512-6cP692WwGIs9XXdOO4++N+7qjqv0rqxxVvJ3VHPh/Sc9mVZcQP+ZGhkKiTvWMQRr2tbHkJP/Yn7Y0npb3ZBs4A==",
      "requires": {
        "mime-db": "1.51.0"
      }
    },
    "mout": {
      "version": "0.12.0",
      "resolved": "https://registry.npmjs.org/mout/-/mout-0.12.0.tgz",
      "integrity": "sha1-bVskLuMx+dBMaOWPd6kaMGDoyss="
    },
    "negotiator": {
      "version": "0.6.2",
      "resolved": "https://registry.npmjs.org/negotiator/-/negotiator-0.6.2.tgz",
      "integrity": "sha512-hZXc7K2e+PgeI1eDBe/10Ard4ekbfrrqG8Ep+8Jmf4JID2bNg7NvCPOZN+kfF574pFQI7mum2AUqDidoKqcTOw=="
    }
  }
}
